
Microsoft Visual Studio Solution File, Format Version 12.00
# Visual Studio Version 17
VisualStudioVersion = 17.4.33213.308
MinimumVisualStudioVersion = 10.0.40219.1
Project("{FAE04EC0-301F-11D3-BF4B-00C04F79EFBC}") = "WebApplication1", "WebApplication1\WebApplication1.csproj", "{74E20BAD-9890-4C0C-BAE0-7B924F240F2A}"
EndProject
Global
	GlobalSection(SolutionConfigurationPlatforms) = preSolution
		Debug|Any CPU = Debug|Any CPU
		Release|Any CPU = Release|Any CPU
	EndGlobalSection
	GlobalSection(ProjectConfigurationPlatforms) = postSolution
		{74E20BAD-9890-4C0C-BAE0-7B924F240F2A}.Debug|Any CPU.ActiveCfg = Debug|Any CPU
		{74E20BAD-9890-4C0C-BAE0-7B924F240F2A}.Debug|Any CPU.Build.0 = Debug|Any CPU
		{74E20BAD-9890-4C0C-BAE0-7B924F240F2A}.Release|Any CPU.ActiveCfg = Release|Any CPU
		{74E20BAD-9890-4C0C-BAE0-7B924F240F2A}.Release|Any CPU.Build.0 = Release|Any CPU
	EndGlobalSection
	GlobalSection(SolutionProperties) = preSolution
		HideSolutionNode = FALSE
	EndGlobalSection
	GlobalSection(ExtensibilityGlobals) = postSolution
		SolutionGuid = {46763A5F-984D-4729-B957-667751AC6ECF}
	EndGlobalSection
EndGlobal
